
Microsoft Visual Studio Solution File, Format Version 12.00
# Visual Studio Version 17
VisualStudioVersion = 17.0.31903.59
MinimumVisualStudioVersion = 10.0.40219.1
Project("{FAE04EC0-301F-11D3-BF4B-00C04F79EFBC}") = "Homework1.Web", "Homework1\Homework1.Web.csproj", "{904FEE72-E578-4249-BED5-7471B067A091}"
EndProject
Project("{FAE04EC0-301F-11D3-BF4B-00C04F79EFBC}") = "Homework1.Data", "Homework1.Data\Homework1.Data.csproj", "{D14C1A56-7857-4CF7-AA93-2537C40332F3}"
EndProject
Project("{FAE04EC0-301F-11D3-BF4B-00C04F79EFBC}") = "Homework1.Base", "Homework1.Base\Homework1.Base.csproj", "{B3DE5A87-7F7C-4ACD-B1FD-4D59A440B594}"
EndProject
Project("{FAE04EC0-301F-11D3-BF4B-00C04F79EFBC}") = "Homework1.Dto", "Homework1.Dto\Homework1.Dto.csproj", "{D0DBC75B-E6FE-44B2-B634-3CA456839C64}"
EndProject
Global
	GlobalSection(SolutionConfigurationPlatforms) = preSolution
		Debug|Any CPU = Debug|Any CPU
		Release|Any CPU = Release|Any CPU
	EndGlobalSection
	GlobalSection(ProjectConfigurationPlatforms) = postSolution
		{904FEE72-E578-4249-BED5-7471B067A091}.Debug|Any CPU.ActiveCfg = Debug|Any CPU
		{904FEE72-E578-4249-BED5-7471B067A091}.Debug|Any CPU.Build.0 = Debug|Any CPU
		{904FEE72-E578-4249-BED5-7471B067A091}.Release|Any CPU.ActiveCfg = Release|Any CPU
		{904FEE72-E578-4249-BED5-7471B067A091}.Release|Any CPU.Build.0 = Release|Any CPU
		{D14C1A56-7857-4CF7-AA93-2537C40332F3}.Debug|Any CPU.ActiveCfg = Debug|Any CPU
		{D14C1A56-7857-4CF7-AA93-2537C40332F3}.Debug|Any CPU.Build.0 = Debug|Any CPU
		{D14C1A56-7857-4CF7-AA93-2537C40332F3}.Release|Any CPU.ActiveCfg = Release|Any CPU
		{D14C1A56-7857-4CF7-AA93-2537C40332F3}.Release|Any CPU.Build.0 = Release|Any CPU
		{B3DE5A87-7F7C-4ACD-B1FD-4D59A440B594}.Debug|Any CPU.ActiveCfg = Debug|Any CPU
		{B3DE5A87-7F7C-4ACD-B1FD-4D59A440B594}.Debug|Any CPU.Build.0 = Debug|Any CPU
		{B3DE5A87-7F7C-4ACD-B1FD-4D59A440B594}.Release|Any CPU.ActiveCfg = Release|Any CPU
		{B3DE5A87-7F7C-4ACD-B1FD-4D59A440B594}.Release|Any CPU.Build.0 = Release|Any CPU
		{D0DBC75B-E6FE-44B2-B634-3CA456839C64}.Debug|Any CPU.ActiveCfg = Debug|Any CPU
		{D0DBC75B-E6FE-44B2-B634-3CA456839C64}.Debug|Any CPU.Build.0 = Debug|Any CPU
		{D0DBC75B-E6FE-44B2-B634-3CA456839C64}.Release|Any CPU.ActiveCfg = Release|Any CPU
		{D0DBC75B-E6FE-44B2-B634-3CA456839C64}.Release|Any CPU.Build.0 = Release|Any CPU
	EndGlobalSection
	GlobalSection(SolutionProperties) = preSolution
		HideSolutionNode = FALSE
	EndGlobalSection
	GlobalSection(ExtensibilityGlobals) = postSolution
		SolutionGuid = {B216D36B-9D5A-49DB-85AC-4F8D033652F4}
	EndGlobalSection
EndGlobal
